// !$*UTF8*$!
{
	archiveVersion = 1;
	classes = {
	};
	objectVersion = 46;
	objects = {

/* Begin PBXBuildFile section */
		0D9AE3F61DD85A4300107B0D /* EmbeddableWebServer.c in Sources */ = {isa = PBXBuildFile; fileRef = 0D9AE3F51DD85A4300107B0D /* EmbeddableWebServer.c */; };
		0D9AE3FD1DDB0F5400107B0D /* Rotating_earth_(large).gif in CopyFiles */ = {isa = PBXBuildFile; fileRef = 0D9AE3FC1DDB0F4600107B0D /* Rotating_earth_(large).gif */; };
/* End PBXBuildFile section */

/* Begin PBXCopyFilesBuildPhase section */
		0D9AE3F01DD85A4300107B0D /* CopyFiles */ = {
			isa = PBXCopyFilesBuildPhase;
			buildActionMask = 12;
			dstPath = .;
			dstSubfolderSpec = 16;
			files = (
				0D9AE3FD1DDB0F5400107B0D /* Rotating_earth_(large).gif in CopyFiles */,
			);
			runOnlyForDeploymentPostprocessing = 0;
		};
/* End PBXCopyFilesBuildPhase section */

/* Begin PBXFileReference section */
		0D9AE3F21DD85A4300107B0D /* MultithreadedHTTPServer */ = {isa = PBXFileReference; explicitFileType = "compiled.mach-o.executable"; includeInIndex = 0; path = MultithreadedHTTPServer; sourceTree = BUILT_PRODUCTS_DIR; };
		0D9AE3F51DD85A4300107B0D /* EmbeddableWebServer.c */ = {isa = PBXFileReference; lastKnownFileType = sourcecode.c.c; path = EmbeddableWebServer.c; sourceTree = "<group>"; };
		0D9AE3FC1DDB0F4600107B0D /* Rotating_earth_(large).gif */ = {isa = PBXFileReference; lastKnownFileType = image.gif; path = "Rotating_earth_(large).gif"; sourceTree = "<group>"; };
/* End PBXFileReference section */

/* Begin PBXFrameworksBuildPhase section */
		0D9AE3EF1DD85A4300107B0D /* Frameworks */ = {
			isa = PBXFrameworksBuildPhase;
			buildActionMask = 2147483647;
			files = (
			);
			runOnlyForDeploymentPostprocessing = 0;
		};
/* End PBXFrameworksBuildPhase section */

/* Begin PBXGroup section */
		0D9AE3E91DD85A4300107B0D = {
			isa = PBXGroup;
			children = (
				0D9AE3F41DD85A4300107B0D /* MultithreadedHTTPServer */,
				0D9AE3F31DD85A4300107B0D /* Products */,
			);
			sourceTree = "<group>";
		};
		0D9AE3F31DD85A4300107B0D /* Products */ = {
			isa = PBXGroup;
			children = (
				0D9AE3F21DD85A4300107B0D /* MultithreadedHTTPServer */,
			);
			name = Products;
			sourceTree = "<group>";
		};
		0D9AE3F41DD85A4300107B0D /* MultithreadedHTTPServer */ = {
			isa = PBXGroup;
			children = (
				0D9AE3FC1DDB0F4600107B0D /* Rotating_earth_(large).gif */,
				0D9AE3F51DD85A4300107B0D /* EmbeddableWebServer.c */,
			);
			path = MultithreadedHTTPServer;
			sourceTree = "<group>";
		};
/* End PBXGroup section */

/* Begin PBXNativeTarget section */
		0D9AE3F11DD85A4300107B0D /* MultithreadedHTTPServer */ = {
			isa = PBXNativeTarget;
			buildConfigurationList = 0D9AE3F91DD85A4300107B0D /* Build configuration list for PBXNativeTarget "MultithreadedHTTPServer" */;
			buildPhases = (
				0D9AE3EE1DD85A4300107B0D /* Sources */,
				0D9AE3EF1DD85A4300107B0D /* Frameworks */,
				0D9AE3F01DD85A4300107B0D /* CopyFiles */,
			);
			buildRules = (
			);
			dependencies = (
			);
			name = MultithreadedHTTPServer;
			productName = MultithreadedHTTPServer;
			productReference = 0D9AE3F21DD85A4300107B0D /* MultithreadedHTTPServer */;
			productType = "com.apple.product-type.tool";
		};
/* End PBXNativeTarget section */

/* Begin PBXProject section */
		0D9AE3EA1DD85A4300107B0D /* Project object */ = {
			isa = PBXProject;
			attributes = {
				LastUpgradeCheck = 0810;
				ORGANIZATIONNAME = "Forrest Heller";
				TargetAttributes = {
					0D9AE3F11DD85A4300107B0D = {
						CreatedOnToolsVersion = 8.1;
						ProvisioningStyle = Automatic;
					};
				};
			};
			buildConfigurationList = 0D9AE3ED1DD85A4300107B0D /* Build configuration list for PBXProject "MultithreadedHTTPServer" */;
			compatibilityVersion = "Xcode 3.2";
			developmentRegion = English;
			hasScannedForEncodings = 0;
			knownRegions = (
				en,
			);
			mainGroup = 0D9AE3E91DD85A4300107B0D;
			productRefGroup = 0D9AE3F31DD85A4300107B0D /* Products */;
			projectDirPath = "";
			projectRoot = "";
			targets = (
				0D9AE3F11DD85A4300107B0D /* MultithreadedHTTPServer */,
			);
		};
/* End PBXProject section */

/* Begin PBXSourcesBuildPhase section */
		0D9AE3EE1DD85A4300107B0D /* Sources */ = {
			isa = PBXSourcesBuildPhase;
			buildActionMask = 2147483647;
			files = (
				0D9AE3F61DD85A4300107B0D /* EmbeddableWebServer.c in Sources */,
			);
			runOnlyForDeploymentPostprocessing = 0;
		};
/* End PBXSourcesBuildPhase section */

/* Begin XCBuildConfiguration section */
		0D9AE3F71DD85A4300107B0D /* Debug */ = {
			isa = XCBuildConfiguration;
			buildSettings = {
				ALWAYS_SEARCH_USER_PATHS = NO;
				CLANG_ANALYZER_NONNULL = YES;
				CLANG_CXX_LANGUAGE_STANDARD = "gnu++0x";
				CLANG_CXX_LIBRARY = "libc++";
				CLANG_ENABLE_MODULES = YES;
				CLANG_ENABLE_OBJC_ARC = YES;
				CLANG_WARN_DIRECT_OBJC_ISA_USAGE = YES_ERROR;
				CLANG_WARN_DOCUMENTATION_COMMENTS = YES;
				CLANG_WARN_EMPTY_BODY = YES;
				CLANG_WARN_INFINITE_RECURSION = YES;
				CLANG_WARN_OBJC_ROOT_CLASS = YES_ERROR;
				CLANG_WARN_SUSPICIOUS_IMPLICIT_CONVERSION = YES;
				CLANG_WARN_SUSPICIOUS_MOVES = YES;
				CLANG_WARN_UNREACHABLE_CODE = YES;
				CLANG_WARN__DUPLICATE_METHOD_MATCH = YES;
				CODE_SIGN_IDENTITY = "-";
				COPY_PHASE_STRIP = NO;
				DEBUG_INFORMATION_FORMAT = dwarf;
				ENABLE_STRICT_OBJC_MSGSEND = YES;
				ENABLE_TESTABILITY = YES;
				GCC_C_LANGUAGE_STANDARD = gnu99;
				GCC_DYNAMIC_NO_PIC = NO;
				GCC_NO_COMMON_BLOCKS = YES;
				GCC_OPTIMIZATION_LEVEL = 0;
				GCC_PREPROCESSOR_DEFINITIONS = (
					"DEBUG=1",
					"$(inherited)",
				);
				GCC_WARN_ABOUT_MISSING_PROTOTYPES = YES;
				GCC_WARN_ABOUT_RETURN_TYPE = YES_ERROR;
				GCC_WARN_SHADOW = YES;
				GCC_WARN_UNDECLARED_SELECTOR = YES;
				GCC_WARN_UNINITIALIZED_AUTOS = YES_AGGRESSIVE;
				GCC_WARN_UNUSED_FUNCTION = YES;
				GCC_WARN_UNUSED_VARIABLE = YES;
				MACOSX_DEPLOYMENT_TARGET = 10.11;
				MTL_ENABLE_DEBUG_INFO = YES;
				ONLY_ACTIVE_ARCH = YES;
				SDKROOT = macosx;
				STRIP_INSTALLED_PRODUCT = NO;
			};
			name = Debug;
		};
		0D9AE3F81DD85A4300107B0D /* Release */ = {
			isa = XCBuildConfiguration;
			buildSettings = {
				ALWAYS_SEARCH_USER_PATHS = NO;
				CLANG_ANALYZER_NONNULL = YES;
				CLANG_CXX_LANGUAGE_STANDARD = "gnu++0x";
				CLANG_CXX_LIBRARY = "libc++";
				CLANG_ENABLE_MODULES = YES;
				CLANG_ENABLE_OBJC_ARC = YES;
				CLANG_WARN_DIRECT_OBJC_ISA_USAGE = YES_ERROR;
				CLANG_WARN_DOCUMENTATION_COMMENTS = YES;
				CLANG_WARN_EMPTY_BODY = YES;
				CLANG_WARN_INFINITE_RECURSION = YES;
				CLANG_WARN_OBJC_ROOT_CLASS = YES_ERROR;
				CLANG_WARN_SUSPICIOUS_IMPLICIT_CONVERSION = YES;
				CLANG_WARN_SUSPICIOUS_MOVES = YES;
				CLANG_WARN_UNREACHABLE_CODE = YES;
				CLANG_WARN__DUPLICATE_METHOD_MATCH = YES;
				CODE_SIGN_IDENTITY = "-";
				COPY_PHASE_STRIP = NO;
				DEBUG_INFORMATION_FORMAT = "dwarf-with-dsym";
				ENABLE_NS_ASSERTIONS = NO;
				ENABLE_STRICT_OBJC_MSGSEND = YES;
				GCC_C_LANGUAGE_STANDARD = gnu99;
				GCC_NO_COMMON_BLOCKS = YES;
				GCC_WARN_ABOUT_MISSING_PROTOTYPES = YES;
				GCC_WARN_ABOUT_RETURN_TYPE = YES_ERROR;
				GCC_WARN_SHADOW = YES;
				GCC_WARN_UNDECLARED_SELECTOR = YES;
				GCC_WARN_UNINITIALIZED_AUTOS = YES_AGGRESSIVE;
				GCC_WARN_UNUSED_FUNCTION = YES;
				GCC_WARN_UNUSED_VARIABLE = YES;
				MACOSX_DEPLOYMENT_TARGET = 10.11;
				MTL_ENABLE_DEBUG_INFO = NO;
				SDKROOT = macosx;
				STRIP_INSTALLED_PRODUCT = NO;
			};
			name = Release;
		};
		0D9AE3FA1DD85A4300107B0D /* Debug */ = {
			isa = XCBuildConfiguration;
			buildSettings = {
				PRODUCT_NAME = "$(TARGET_NAME)";
			};
			name = Debug;
		};
		0D9AE3FB1DD85A4300107B0D /* Release */ = {
			isa = XCBuildConfiguration;
			buildSettings = {
				PRODUCT_NAME = "$(TARGET_NAME)";
			};
			name = Release;
		};
/* End XCBuildConfiguration section */

/* Begin XCConfigurationList section */
		0D9AE3ED1DD85A4300107B0D /* Build configuration list for PBXProject "MultithreadedHTTPServer" */ = {
			isa = XCConfigurationList;
			buildConfigurations = (
				0D9AE3F71DD85A4300107B0D /* Debug */,
				0D9AE3F81DD85A4300107B0D /* Release */,
			);
			defaultConfigurationIsVisible = 0;
			defaultConfigurationName = Release;
		};
		0D9AE3F91DD85A4300107B0D /* Build configuration list for PBXNativeTarget "MultithreadedHTTPServer" */ = {
			isa = XCConfigurationList;
			buildConfigurations = (
				0D9AE3FA1DD85A4300107B0D /* Debug */,
				0D9AE3FB1DD85A4300107B0D /* Release */,
			);
			defaultConfigurationIsVisible = 0;
		};
/* End XCConfigurationList section */
	};
	rootObject = 0D9AE3EA1DD85A4300107B0D /* Project object */;
}
